
Microsoft Visual Studio Solution File, Format Version 12.00
# Visual Studio Version 17
VisualStudioVersion = 17.9.34728.123
MinimumVisualStudioVersion = 10.0.40219.1
Project("{FAE04EC0-301F-11D3-BF4B-00C04F79EFBC}") = "AdditionCalculator", "AdditionCalculator.csproj", "{9C35427D-2EE6-4EFF-91D6-97950DA3D081}"
EndProject
Global
	GlobalSection(SolutionConfigurationPlatforms) = preSolution
		Debug|Any CPU = Debug|Any CPU
		Release|Any CPU = Release|Any CPU
	EndGlobalSection
	GlobalSection(ProjectConfigurationPlatforms) = postSolution
		{9C35427D-2EE6-4EFF-91D6-97950DA3D081}.Debug|Any CPU.ActiveCfg = Debug|Any CPU
		{9C35427D-2EE6-4EFF-91D6-97950DA3D081}.Debug|Any CPU.Build.0 = Debug|Any CPU
		{9C35427D-2EE6-4EFF-91D6-97950DA3D081}.Release|Any CPU.ActiveCfg = Release|Any CPU
		{9C35427D-2EE6-4EFF-91D6-97950DA3D081}.Release|Any CPU.Build.0 = Release|Any CPU
	EndGlobalSection
	GlobalSection(SolutionProperties) = preSolution
		HideSolutionNode = FALSE
	EndGlobalSection
	GlobalSection(ExtensibilityGlobals) = postSolution
		SolutionGuid = {3357CF42-8248-4D65-857D-BFE28B167E0A}
	EndGlobalSection
EndGlobal
